
Microsoft Visual Studio Solution File, Format Version 12.00
# Visual Studio Version 17
VisualStudioVersion = 17.14.36408.4
MinimumVisualStudioVersion = 10.0.40219.1
Project("{FAE04EC0-301F-11D3-BF4B-00C04F79EFBC}") = "Stacjapogodowa", "Stacjapogodowa\Stacjapogodowa.csproj", "{CAB7D908-FE3B-4602-B68A-A502A83475BC}"
EndProject
Project("{FAE04EC0-301F-11D3-BF4B-00C04F79EFBC}") = "database", "database\database.csproj", "{99D133A6-B45B-4A5D-8F85-C43EACC64DEB}"
EndProject
Global
	GlobalSection(SolutionConfigurationPlatforms) = preSolution
		Debug|Any CPU = Debug|Any CPU
		Release|Any CPU = Release|Any CPU
	EndGlobalSection
	GlobalSection(ProjectConfigurationPlatforms) = postSolution
		{CAB7D908-FE3B-4602-B68A-A502A83475BC}.Debug|Any CPU.ActiveCfg = Debug|Any CPU
		{CAB7D908-FE3B-4602-B68A-A502A83475BC}.Debug|Any CPU.Build.0 = Debug|Any CPU
		{CAB7D908-FE3B-4602-B68A-A502A83475BC}.Release|Any CPU.ActiveCfg = Release|Any CPU
		{CAB7D908-FE3B-4602-B68A-A502A83475BC}.Release|Any CPU.Build.0 = Release|Any CPU
		{99D133A6-B45B-4A5D-8F85-C43EACC64DEB}.Debug|Any CPU.ActiveCfg = Debug|Any CPU
		{99D133A6-B45B-4A5D-8F85-C43EACC64DEB}.Debug|Any CPU.Build.0 = Debug|Any CPU
		{99D133A6-B45B-4A5D-8F85-C43EACC64DEB}.Release|Any CPU.ActiveCfg = Release|Any CPU
		{99D133A6-B45B-4A5D-8F85-C43EACC64DEB}.Release|Any CPU.Build.0 = Release|Any CPU
	EndGlobalSection
	GlobalSection(SolutionProperties) = preSolution
		HideSolutionNode = FALSE
	EndGlobalSection
	GlobalSection(ExtensibilityGlobals) = postSolution
		SolutionGuid = {5F1744D1-81A3-4505-8AC2-CC91FED0EBDE}
	EndGlobalSection
EndGlobal
